
Microsoft Visual Studio Solution File, Format Version 12.00
# Visual Studio Version 16
VisualStudioVersion = 16.0.30804.86
MinimumVisualStudioVersion = 10.0.40219.1
Project("{FAE04EC0-301F-11D3-BF4B-00C04F79EFBC}") = "BasicAlgorithms", "BasicAlgorithms\BasicAlgorithms.csproj", "{B346D84C-2FD5-401C-A97B-322A150BAB42}"
EndProject
Global
	GlobalSection(SolutionConfigurationPlatforms) = preSolution
		Debug|Any CPU = Debug|Any CPU
		Release|Any CPU = Release|Any CPU
	EndGlobalSection
	GlobalSection(ProjectConfigurationPlatforms) = postSolution
		{B346D84C-2FD5-401C-A97B-322A150BAB42}.Debug|Any CPU.ActiveCfg = Debug|Any CPU
		{B346D84C-2FD5-401C-A97B-322A150BAB42}.Debug|Any CPU.Build.0 = Debug|Any CPU
		{B346D84C-2FD5-401C-A97B-322A150BAB42}.Release|Any CPU.ActiveCfg = Release|Any CPU
		{B346D84C-2FD5-401C-A97B-322A150BAB42}.Release|Any CPU.Build.0 = Release|Any CPU
	EndGlobalSection
	GlobalSection(SolutionProperties) = preSolution
		HideSolutionNode = FALSE
	EndGlobalSection
	GlobalSection(ExtensibilityGlobals) = postSolution
		SolutionGuid = {A9BAEF4B-B460-41A5-B343-6A1C558966AB}
	EndGlobalSection
EndGlobal
